# Generated by buf. DO NOT EDIT.
version: v1
deps:
  - remote: buf.build
    owner: envoyproxy
    repository: protoc-gen-validate
    commit: daf171c6cdb54629b5f51e345a79e4dd
    digest: shake256:4ae167d7eed10da5f83a3f5df8c670d249170f11b1f2fd19afda06be2cff4d47dcc95e9e4a15151ecc8ce2d3d3614caf9a04d3ad82fb768a3870dedfa9455f36
  - remote: buf.build
    owner: googleapis
    repository: googleapis
    commit: 2bbd25900cb34c79bae97d85c948d3cf
    digest: shake256:a6446e23f4408160217c22738a0c8c370ff3ff966f601d678960b803829cf53b5cf5998d20fcb3f9c9be944b24337843e7beb6e681ddbf9d036fb6491c0e47e7
